{
    "friendsofsymfony/ckeditor-bundle": {
        "version": "2.4",
        "recipe": {
            "repo": "github.com/symfony/recipes-contrib",
            "branch": "master",
            "version": "2.0",
            "ref": "f5ad42002183a6881962683e6d84bbb25cdfce5d"
        },
        "files": [
            "config/packages/fos_ckeditor.yaml"
        ]

    },
    "twig/intl-extra": {
        "version": "v3.3.5"

    }
}
